
Microsoft Visual Studio Solution File, Format Version 12.00
# Visual Studio Version 17
VisualStudioVersion = 17.3.32922.545
MinimumVisualStudioVersion = 10.0.40219.1
Project("{FAE04EC0-301F-11D3-BF4B-00C04F79EFBC}") = "SysLogServer.Gui", "SysLogServer.Gui\SysLogServer.Gui.csproj", "{8538C5B9-0A38-4E1F-BF52-6154194D7F05}"
EndProject
Project("{FAE04EC0-301F-11D3-BF4B-00C04F79EFBC}") = "SysLogServer.Core", "SysLogServer.Core\SysLogServer.Core.csproj", "{47E1D9C8-8EB0-4A19-859B-39AA4A667994}"
EndProject
Project("{FAE04EC0-301F-11D3-BF4B-00C04F79EFBC}") = "SysLogServer.Shared", "SysLogServer.Shared\SysLogServer.Shared.csproj", "{89CCC751-AC72-4F4F-B67E-B268E952F3D8}"
EndProject
Project("{FAE04EC0-301F-11D3-BF4B-00C04F79EFBC}") = "SysLog.Client.Gui", "SysLog.Client.Gui\SysLog.Client.Gui.csproj", "{B8F28428-440A-4C3C-900A-0C1269951612}"
EndProject
Global
	GlobalSection(SolutionConfigurationPlatforms) = preSolution
		Debug|Any CPU = Debug|Any CPU
		Release|Any CPU = Release|Any CPU
	EndGlobalSection
	GlobalSection(ProjectConfigurationPlatforms) = postSolution
		{8538C5B9-0A38-4E1F-BF52-6154194D7F05}.Debug|Any CPU.ActiveCfg = Debug|Any CPU
		{8538C5B9-0A38-4E1F-BF52-6154194D7F05}.Debug|Any CPU.Build.0 = Debug|Any CPU
		{8538C5B9-0A38-4E1F-BF52-6154194D7F05}.Release|Any CPU.ActiveCfg = Release|Any CPU
		{8538C5B9-0A38-4E1F-BF52-6154194D7F05}.Release|Any CPU.Build.0 = Release|Any CPU
		{47E1D9C8-8EB0-4A19-859B-39AA4A667994}.Debug|Any CPU.ActiveCfg = Debug|Any CPU
		{47E1D9C8-8EB0-4A19-859B-39AA4A667994}.Debug|Any CPU.Build.0 = Debug|Any CPU
		{47E1D9C8-8EB0-4A19-859B-39AA4A667994}.Release|Any CPU.ActiveCfg = Release|Any CPU
		{47E1D9C8-8EB0-4A19-859B-39AA4A667994}.Release|Any CPU.Build.0 = Release|Any CPU
		{89CCC751-AC72-4F4F-B67E-B268E952F3D8}.Debug|Any CPU.ActiveCfg = Debug|Any CPU
		{89CCC751-AC72-4F4F-B67E-B268E952F3D8}.Debug|Any CPU.Build.0 = Debug|Any CPU
		{89CCC751-AC72-4F4F-B67E-B268E952F3D8}.Release|Any CPU.ActiveCfg = Release|Any CPU
		{89CCC751-AC72-4F4F-B67E-B268E952F3D8}.Release|Any CPU.Build.0 = Release|Any CPU
		{B8F28428-440A-4C3C-900A-0C1269951612}.Debug|Any CPU.ActiveCfg = Debug|Any CPU
		{B8F28428-440A-4C3C-900A-0C1269951612}.Debug|Any CPU.Build.0 = Debug|Any CPU
		{B8F28428-440A-4C3C-900A-0C1269951612}.Release|Any CPU.ActiveCfg = Release|Any CPU
		{B8F28428-440A-4C3C-900A-0C1269951612}.Release|Any CPU.Build.0 = Release|Any CPU
	EndGlobalSection
	GlobalSection(SolutionProperties) = preSolution
		HideSolutionNode = FALSE
	EndGlobalSection
	GlobalSection(ExtensibilityGlobals) = postSolution
		SolutionGuid = {DAD735B1-32F1-4E88-97E7-F2E930A159E5}
	EndGlobalSection
EndGlobal
