
Microsoft Visual Studio Solution File, Format Version 12.00
# Visual Studio Version 16
VisualStudioVersion = 16.0.30011.22
MinimumVisualStudioVersion = 10.0.40219.1
Project("{FAE04EC0-301F-11D3-BF4B-00C04F79EFBC}") = "Blackjack.Logic", "Blackjack.Logic\Blackjack.Logic.csproj", "{02D0CEAA-4290-4363-A5FA-62BD97034103}"
EndProject
Project("{FAE04EC0-301F-11D3-BF4B-00C04F79EFBC}") = "BlackjackGUI", "BlackjackGUI\BlackjackGUI.csproj", "{18FFE424-6E35-4B8D-8C91-0017FF6424F8}"
EndProject
Global
	GlobalSection(SolutionConfigurationPlatforms) = preSolution
		Debug|Any CPU = Debug|Any CPU
		Release|Any CPU = Release|Any CPU
	EndGlobalSection
	GlobalSection(ProjectConfigurationPlatforms) = postSolution
		{02D0CEAA-4290-4363-A5FA-62BD97034103}.Debug|Any CPU.ActiveCfg = Debug|Any CPU
		{02D0CEAA-4290-4363-A5FA-62BD97034103}.Debug|Any CPU.Build.0 = Debug|Any CPU
		{02D0CEAA-4290-4363-A5FA-62BD97034103}.Release|Any CPU.ActiveCfg = Release|Any CPU
		{02D0CEAA-4290-4363-A5FA-62BD97034103}.Release|Any CPU.Build.0 = Release|Any CPU
		{18FFE424-6E35-4B8D-8C91-0017FF6424F8}.Debug|Any CPU.ActiveCfg = Debug|Any CPU
		{18FFE424-6E35-4B8D-8C91-0017FF6424F8}.Debug|Any CPU.Build.0 = Debug|Any CPU
		{18FFE424-6E35-4B8D-8C91-0017FF6424F8}.Release|Any CPU.ActiveCfg = Release|Any CPU
		{18FFE424-6E35-4B8D-8C91-0017FF6424F8}.Release|Any CPU.Build.0 = Release|Any CPU
	EndGlobalSection
	GlobalSection(SolutionProperties) = preSolution
		HideSolutionNode = FALSE
	EndGlobalSection
	GlobalSection(ExtensibilityGlobals) = postSolution
		SolutionGuid = {2E17EDDA-062F-481A-ACC5-B84BC3DCA74D}
	EndGlobalSection
EndGlobal
