
Microsoft Visual Studio Solution File, Format Version 12.00
# Visual Studio Version 16
VisualStudioVersion = 16.0.29215.179
MinimumVisualStudioVersion = 10.0.40219.1
Project("{FAE04EC0-301F-11D3-BF4B-00C04F79EFBC}") = "TramControl.Communication", "TramControl.Communication\TramControl.Communication.csproj", "{766654BD-9876-4E33-8449-61FA2439EB39}"
EndProject
Project("{FAE04EC0-301F-11D3-BF4B-00C04F79EFBC}") = "TramControl.Lib", "TramControl.Lib\TramControl.Lib.csproj", "{C0047816-DF95-4F3A-9453-A5803A51CC58}"
EndProject
Project("{FAE04EC0-301F-11D3-BF4B-00C04F79EFBC}") = "TramControl.Service.Core", "TramControl.Service.Core\TramControl.Service.Core.csproj", "{ACB2EE55-36AA-4D0F-926A-087547B34A9C}"
EndProject
Project("{FAE04EC0-301F-11D3-BF4B-00C04F79EFBC}") = "TramControl.Service.Debug.UI", "TramControl.Service.Debug.UI\TramControl.Service.Debug.UI.csproj", "{4EB291BB-62B6-4EC5-9F7C-F8C2A2926071}"
EndProject
Project("{FAE04EC0-301F-11D3-BF4B-00C04F79EFBC}") = "TramControl.Cient.Core", "TramControl.Cient.Core\TramControl.Cient.Core.csproj", "{F60F910B-6227-4FFE-988A-A95B327A07C2}"
EndProject
Project("{FAE04EC0-301F-11D3-BF4B-00C04F79EFBC}") = "TramControl.Client.UI", "TramControl.Client.UI\TramControl.Client.UI.csproj", "{4AABA36F-DD0F-44B6-81DD-5D4E4D448E1B}"
EndProject
Project("{FAE04EC0-301F-11D3-BF4B-00C04F79EFBC}") = "TramControl.Service.UI", "TramControl.Service.UI\TramControl.Service.UI.csproj", "{0EC6BD33-0B23-4973-B131-FF76CCA88905}"
EndProject
Global
	GlobalSection(SolutionConfigurationPlatforms) = preSolution
		Debug|Any CPU = Debug|Any CPU
		Release|Any CPU = Release|Any CPU
	EndGlobalSection
	GlobalSection(ProjectConfigurationPlatforms) = postSolution
		{766654BD-9876-4E33-8449-61FA2439EB39}.Debug|Any CPU.ActiveCfg = Debug|Any CPU
		{766654BD-9876-4E33-8449-61FA2439EB39}.Debug|Any CPU.Build.0 = Debug|Any CPU
		{766654BD-9876-4E33-8449-61FA2439EB39}.Release|Any CPU.ActiveCfg = Release|Any CPU
		{766654BD-9876-4E33-8449-61FA2439EB39}.Release|Any CPU.Build.0 = Release|Any CPU
		{C0047816-DF95-4F3A-9453-A5803A51CC58}.Debug|Any CPU.ActiveCfg = Debug|Any CPU
		{C0047816-DF95-4F3A-9453-A5803A51CC58}.Debug|Any CPU.Build.0 = Debug|Any CPU
		{C0047816-DF95-4F3A-9453-A5803A51CC58}.Release|Any CPU.ActiveCfg = Release|Any CPU
		{C0047816-DF95-4F3A-9453-A5803A51CC58}.Release|Any CPU.Build.0 = Release|Any CPU
		{ACB2EE55-36AA-4D0F-926A-087547B34A9C}.Debug|Any CPU.ActiveCfg = Debug|Any CPU
		{ACB2EE55-36AA-4D0F-926A-087547B34A9C}.Debug|Any CPU.Build.0 = Debug|Any CPU
		{ACB2EE55-36AA-4D0F-926A-087547B34A9C}.Release|Any CPU.ActiveCfg = Release|Any CPU
		{ACB2EE55-36AA-4D0F-926A-087547B34A9C}.Release|Any CPU.Build.0 = Release|Any CPU
		{4EB291BB-62B6-4EC5-9F7C-F8C2A2926071}.Debug|Any CPU.ActiveCfg = Debug|Any CPU
		{4EB291BB-62B6-4EC5-9F7C-F8C2A2926071}.Debug|Any CPU.Build.0 = Debug|Any CPU
		{4EB291BB-62B6-4EC5-9F7C-F8C2A2926071}.Release|Any CPU.ActiveCfg = Release|Any CPU
		{4EB291BB-62B6-4EC5-9F7C-F8C2A2926071}.Release|Any CPU.Build.0 = Release|Any CPU
		{F60F910B-6227-4FFE-988A-A95B327A07C2}.Debug|Any CPU.ActiveCfg = Debug|Any CPU
		{F60F910B-6227-4FFE-988A-A95B327A07C2}.Debug|Any CPU.Build.0 = Debug|Any CPU
		{F60F910B-6227-4FFE-988A-A95B327A07C2}.Release|Any CPU.ActiveCfg = Release|Any CPU
		{F60F910B-6227-4FFE-988A-A95B327A07C2}.Release|Any CPU.Build.0 = Release|Any CPU
		{4AABA36F-DD0F-44B6-81DD-5D4E4D448E1B}.Debug|Any CPU.ActiveCfg = Debug|Any CPU
		{4AABA36F-DD0F-44B6-81DD-5D4E4D448E1B}.Debug|Any CPU.Build.0 = Debug|Any CPU
		{4AABA36F-DD0F-44B6-81DD-5D4E4D448E1B}.Release|Any CPU.ActiveCfg = Release|Any CPU
		{4AABA36F-DD0F-44B6-81DD-5D4E4D448E1B}.Release|Any CPU.Build.0 = Release|Any CPU
		{0EC6BD33-0B23-4973-B131-FF76CCA88905}.Debug|Any CPU.ActiveCfg = Debug|Any CPU
		{0EC6BD33-0B23-4973-B131-FF76CCA88905}.Debug|Any CPU.Build.0 = Debug|Any CPU
		{0EC6BD33-0B23-4973-B131-FF76CCA88905}.Release|Any CPU.ActiveCfg = Release|Any CPU
		{0EC6BD33-0B23-4973-B131-FF76CCA88905}.Release|Any CPU.Build.0 = Release|Any CPU
	EndGlobalSection
	GlobalSection(SolutionProperties) = preSolution
		HideSolutionNode = FALSE
	EndGlobalSection
	GlobalSection(ExtensibilityGlobals) = postSolution
		SolutionGuid = {A312B09C-1F0C-4609-8B30-E34028CB67B3}
	EndGlobalSection
EndGlobal
