
Microsoft Visual Studio Solution File, Format Version 12.00
# Visual Studio Version 17
VisualStudioVersion = 17.3.32922.545
MinimumVisualStudioVersion = 10.0.40219.1
Project("{FAE04EC0-301F-11D3-BF4B-00C04F79EFBC}") = "Service.Client.Consolegui", "Service.Client.Consolegui\Service.Client.Consolegui.csproj", "{314C7BCF-D5BD-4362-B452-2D88F20EC8D9}"
EndProject
Project("{FAE04EC0-301F-11D3-BF4B-00C04F79EFBC}") = "AlphabotLogic", "AlphabotLogic\AlphabotLogic.csproj", "{298BA981-2F8F-4CAD-A3D7-72346FC23559}"
EndProject
Project("{FAE04EC0-301F-11D3-BF4B-00C04F79EFBC}") = "Server.WinGui", "Server.WinGui\Server.WinGui.csproj", "{D6CBDFF0-7584-43BF-829D-C8A6315E064D}"
EndProject
Global
	GlobalSection(SolutionConfigurationPlatforms) = preSolution
		Debug|Any CPU = Debug|Any CPU
		Release|Any CPU = Release|Any CPU
	EndGlobalSection
	GlobalSection(ProjectConfigurationPlatforms) = postSolution
		{314C7BCF-D5BD-4362-B452-2D88F20EC8D9}.Debug|Any CPU.ActiveCfg = Debug|Any CPU
		{314C7BCF-D5BD-4362-B452-2D88F20EC8D9}.Debug|Any CPU.Build.0 = Debug|Any CPU
		{314C7BCF-D5BD-4362-B452-2D88F20EC8D9}.Release|Any CPU.ActiveCfg = Release|Any CPU
		{314C7BCF-D5BD-4362-B452-2D88F20EC8D9}.Release|Any CPU.Build.0 = Release|Any CPU
		{298BA981-2F8F-4CAD-A3D7-72346FC23559}.Debug|Any CPU.ActiveCfg = Debug|Any CPU
		{298BA981-2F8F-4CAD-A3D7-72346FC23559}.Debug|Any CPU.Build.0 = Debug|Any CPU
		{298BA981-2F8F-4CAD-A3D7-72346FC23559}.Release|Any CPU.ActiveCfg = Release|Any CPU
		{298BA981-2F8F-4CAD-A3D7-72346FC23559}.Release|Any CPU.Build.0 = Release|Any CPU
		{D6CBDFF0-7584-43BF-829D-C8A6315E064D}.Debug|Any CPU.ActiveCfg = Debug|Any CPU
		{D6CBDFF0-7584-43BF-829D-C8A6315E064D}.Debug|Any CPU.Build.0 = Debug|Any CPU
		{D6CBDFF0-7584-43BF-829D-C8A6315E064D}.Release|Any CPU.ActiveCfg = Release|Any CPU
		{D6CBDFF0-7584-43BF-829D-C8A6315E064D}.Release|Any CPU.Build.0 = Release|Any CPU
	EndGlobalSection
	GlobalSection(SolutionProperties) = preSolution
		HideSolutionNode = FALSE
	EndGlobalSection
	GlobalSection(ExtensibilityGlobals) = postSolution
		SolutionGuid = {B1FBB0B7-5FB1-490B-89FC-5F34906E2AAA}
	EndGlobalSection
EndGlobal
